// !$*UTF8*$!
{
	archiveVersion = 1;
	classes = {
	};
	objectVersion = 46;
	objects = {

/* Begin PBXBuildFile section */
		C55277F61CA20C40006B950C /* AppDelegate.swift in Sources */ = {isa = PBXBuildFile; fileRef = C55277F51CA20C40006B950C /* AppDelegate.swift */; };
		C55277F81CA20C40006B950C /* CounterViewController.swift in Sources */ = {isa = PBXBuildFile; fileRef = C55277F71CA20C40006B950C /* CounterViewController.swift */; };
		C55277FB1CA20C40006B950C /* Main.storyboard in Resources */ = {isa = PBXBuildFile; fileRef = C55277F91CA20C40006B950C /* Main.storyboard */; };
		C55277FD1CA20C40006B950C /* Assets.xcassets in Resources */ = {isa = PBXBuildFile; fileRef = C55277FC1CA20C40006B950C /* Assets.xcassets */; };
		C55278001CA20C40006B950C /* LaunchScreen.storyboard in Resources */ = {isa = PBXBuildFile; fileRef = C55277FE1CA20C40006B950C /* LaunchScreen.storyboard */; };
		C55278081CA21204006B950C /* Item.swift in Sources */ = {isa = PBXBuildFile; fileRef = C55278071CA21204006B950C /* Item.swift */; };
/* End PBXBuildFile section */

/* Begin PBXFileReference section */
		C55277F21CA20C40006B950C /* DDRCounte3r.app */ = {isa = PBXFileReference; explicitFileType = wrapper.application; includeInIndex = 0; path = DDRCounte3r.app; sourceTree = BUILT_PRODUCTS_DIR; };
		C55277F51CA20C40006B950C /* AppDelegate.swift */ = {isa = PBXFileReference; lastKnownFileType = sourcecode.swift; path = AppDelegate.swift; sourceTree = "<group>"; };
		C55277F71CA20C40006B950C /* CounterViewController.swift */ = {isa = PBXFileReference; lastKnownFileType = sourcecode.swift; path = CounterViewController.swift; sourceTree = "<group>"; };
		C55277FA1CA20C40006B950C /* Base */ = {isa = PBXFileReference; lastKnownFileType = file.storyboard; name = Base; path = Base.lproj/Main.storyboard; sourceTree = "<group>"; };
		C55277FC1CA20C40006B950C /* Assets.xcassets */ = {isa = PBXFileReference; lastKnownFileType = folder.assetcatalog; path = Assets.xcassets; sourceTree = "<group>"; };
		C55277FF1CA20C40006B950C /* Base */ = {isa = PBXFileReference; lastKnownFileType = file.storyboard; name = Base; path = Base.lproj/LaunchScreen.storyboard; sourceTree = "<group>"; };
		C55278011CA20C40006B950C /* Info.plist */ = {isa = PBXFileReference; lastKnownFileType = text.plist.xml; path = Info.plist; sourceTree = "<group>"; };
		C55278071CA21204006B950C /* Item.swift */ = {isa = PBXFileReference; fileEncoding = 4; lastKnownFileType = sourcecode.swift; path = Item.swift; sourceTree = "<group>"; };
/* End PBXFileReference section */

/* Begin PBXFrameworksBuildPhase section */
		C55277EF1CA20C40006B950C /* Frameworks */ = {
			isa = PBXFrameworksBuildPhase;
			buildActionMask = 2147483647;
			files = (
			);
			runOnlyForDeploymentPostprocessing = 0;
		};
/* End PBXFrameworksBuildPhase section */

/* Begin PBXGroup section */
		C55277E91CA20C40006B950C = {
			isa = PBXGroup;
			children = (
				C55277F41CA20C40006B950C /* DDRCounte3r */,
				C55277F31CA20C40006B950C /* Products */,
			);
			sourceTree = "<group>";
		};
		C55277F31CA20C40006B950C /* Products */ = {
			isa = PBXGroup;
			children = (
				C55277F21CA20C40006B950C /* DDRCounte3r.app */,
			);
			name = Products;
			sourceTree = "<group>";
		};
		C55277F41CA20C40006B950C /* DDRCounte3r */ = {
			isa = PBXGroup;
			children = (
				C55277F51CA20C40006B950C /* AppDelegate.swift */,
				C55277F71CA20C40006B950C /* CounterViewController.swift */,
				C55278071CA21204006B950C /* Item.swift */,
				C55277F91CA20C40006B950C /* Main.storyboard */,
				C55277FC1CA20C40006B950C /* Assets.xcassets */,
				C55277FE1CA20C40006B950C /* LaunchScreen.storyboard */,
				C55278011CA20C40006B950C /* Info.plist */,
			);
			path = DDRCounte3r;
			sourceTree = "<group>";
		};
/* End PBXGroup section */

/* Begin PBXNativeTarget section */
		C55277F11CA20C40006B950C /* DDRCounte3r */ = {
			isa = PBXNativeTarget;
			buildConfigurationList = C55278041CA20C40006B950C /* Build configuration list for PBXNativeTarget "DDRCounte3r" */;
			buildPhases = (
				C55277EE1CA20C40006B950C /* Sources */,
				C55277EF1CA20C40006B950C /* Frameworks */,
				C55277F01CA20C40006B950C /* Resources */,
			);
			buildRules = (
			);
			dependencies = (
			);
			name = DDRCounte3r;
			productName = DDRCounte3r;
			productReference = C55277F21CA20C40006B950C /* DDRCounte3r.app */;
			productType = "com.apple.product-type.application";
		};
/* End PBXNativeTarget section */

/* Begin PBXProject section */
		C55277EA1CA20C40006B950C /* Project object */ = {
			isa = PBXProject;
			attributes = {
				LastSwiftUpdateCheck = 0730;
				LastUpgradeCheck = 0730;
				ORGANIZATIONNAME = "Hieger Designs";
				TargetAttributes = {
					C55277F11CA20C40006B950C = {
						CreatedOnToolsVersion = 7.3;
					};
				};
			};
			buildConfigurationList = C55277ED1CA20C40006B950C /* Build configuration list for PBXProject "DDRCounte3r" */;
			compatibilityVersion = "Xcode 3.2";
			developmentRegion = English;
			hasScannedForEncodings = 0;
			knownRegions = (
				en,
				Base,
			);
			mainGroup = C55277E91CA20C40006B950C;
			productRefGroup = C55277F31CA20C40006B950C /* Products */;
			projectDirPath = "";
			projectRoot = "";
			targets = (
				C55277F11CA20C40006B950C /* DDRCounte3r */,
			);
		};
/* End PBXProject section */

/* Begin PBXResourcesBuildPhase section */
		C55277F01CA20C40006B950C /* Resources */ = {
			isa = PBXResourcesBuildPhase;
			buildActionMask = 2147483647;
			files = (
				C55278001CA20C40006B950C /* LaunchScreen.storyboard in Resources */,
				C55277FD1CA20C40006B950C /* Assets.xcassets in Resources */,
				C55277FB1CA20C40006B950C /* Main.storyboard in Resources */,
			);
			runOnlyForDeploymentPostprocessing = 0;
		};
/* End PBXResourcesBuildPhase section */

/* Begin PBXSourcesBuildPhase section */
		C55277EE1CA20C40006B950C /* Sources */ = {
			isa = PBXSourcesBuildPhase;
			buildActionMask = 2147483647;
			files = (
				C55277F81CA20C40006B950C /* CounterViewController.swift in Sources */,
				C55278081CA21204006B950C /* Item.swift in Sources */,
				C55277F61CA20C40006B950C /* AppDelegate.swift in Sources */,
			);
			runOnlyForDeploymentPostprocessing = 0;
		};
/* End PBXSourcesBuildPhase section */

/* Begin PBXVariantGroup section */
		C55277F91CA20C40006B950C /* Main.storyboard */ = {
			isa = PBXVariantGroup;
			children = (
				C55277FA1CA20C40006B950C /* Base */,
			);
			name = Main.storyboard;
			sourceTree = "<group>";
		};
		C55277FE1CA20C40006B950C /* LaunchScreen.storyboard */ = {
			isa = PBXVariantGroup;
			children = (
				C55277FF1CA20C40006B950C /* Base */,
			);
			name = LaunchScreen.storyboard;
			sourceTree = "<group>";
		};
/* End PBXVariantGroup section */

/* Begin XCBuildConfiguration section */
		C55278021CA20C40006B950C /* Debug */ = {
			isa = XCBuildConfiguration;
			buildSettings = {
				ALWAYS_SEARCH_USER_PATHS = NO;
				CLANG_ANALYZER_NONNULL = YES;
				CLANG_CXX_LANGUAGE_STANDARD = "gnu++0x";
				CLANG_CXX_LIBRARY = "libc++";
				CLANG_ENABLE_MODULES = YES;
				CLANG_ENABLE_OBJC_ARC = YES;
				CLANG_WARN_BOOL_CONVERSION = YES;
				CLANG_WARN_CONSTANT_CONVERSION = YES;
				CLANG_WARN_DIRECT_OBJC_ISA_USAGE = YES_ERROR;
				CLANG_WARN_EMPTY_BODY = YES;
				CLANG_WARN_ENUM_CONVERSION = YES;
				CLANG_WARN_INT_CONVERSION = YES;
				CLANG_WARN_OBJC_ROOT_CLASS = YES_ERROR;
				CLANG_WARN_UNREACHABLE_CODE = YES;
				CLANG_WARN__DUPLICATE_METHOD_MATCH = YES;
				"CODE_SIGN_IDENTITY[sdk=iphoneos*]" = "iPhone Developer";
				COPY_PHASE_STRIP = NO;
				DEBUG_INFORMATION_FORMAT = dwarf;
				ENABLE_STRICT_OBJC_MSGSEND = YES;
				ENABLE_TESTABILITY = YES;
				GCC_C_LANGUAGE_STANDARD = gnu99;
				GCC_DYNAMIC_NO_PIC = NO;
				GCC_NO_COMMON_BLOCKS = YES;
				GCC_OPTIMIZATION_LEVEL = 0;
				GCC_PREPROCESSOR_DEFINITIONS = (
					"DEBUG=1",
					"$(inherited)",
				);
				GCC_WARN_64_TO_32_BIT_CONVERSION = YES;
				GCC_WARN_ABOUT_RETURN_TYPE = YES_ERROR;
				GCC_WARN_UNDECLARED_SELECTOR = YES;
				GCC_WARN_UNINITIALIZED_AUTOS = YES_AGGRESSIVE;
				GCC_WARN_UNUSED_FUNCTION = YES;
				GCC_WARN_UNUSED_VARIABLE = YES;
				IPHONEOS_DEPLOYMENT_TARGET = 9.3;
				MTL_ENABLE_DEBUG_INFO = YES;
				ONLY_ACTIVE_ARCH = YES;
				SDKROOT = iphoneos;
				SWIFT_OPTIMIZATION_LEVEL = "-Onone";
			};
			name = Debug;
		};
		C55278031CA20C40006B950C /* Release */ = {
			isa = XCBuildConfiguration;
			buildSettings = {
				ALWAYS_SEARCH_USER_PATHS = NO;
				CLANG_ANALYZER_NONNULL = YES;
				CLANG_CXX_LANGUAGE_STANDARD = "gnu++0x";
				CLANG_CXX_LIBRARY = "libc++";
				CLANG_ENABLE_MODULES = YES;
				CLANG_ENABLE_OBJC_ARC = YES;
				CLANG_WARN_BOOL_CONVERSION = YES;
				CLANG_WARN_CONSTANT_CONVERSION = YES;
				CLANG_WARN_DIRECT_OBJC_ISA_USAGE = YES_ERROR;
				CLANG_WARN_EMPTY_BODY = YES;
				CLANG_WARN_ENUM_CONVERSION = YES;
				CLANG_WARN_INT_CONVERSION = YES;
				CLANG_WARN_OBJC_ROOT_CLASS = YES_ERROR;
				CLANG_WARN_UNREACHABLE_CODE = YES;
				CLANG_WARN__DUPLICATE_METHOD_MATCH = YES;
				"CODE_SIGN_IDENTITY[sdk=iphoneos*]" = "iPhone Developer";
				COPY_PHASE_STRIP = NO;
				DEBUG_INFORMATION_FORMAT = "dwarf-with-dsym";
				ENABLE_NS_ASSERTIONS = NO;
				ENABLE_STRICT_OBJC_MSGSEND = YES;
				GCC_C_LANGUAGE_STANDARD = gnu99;
				GCC_NO_COMMON_BLOCKS = YES;
				GCC_WARN_64_TO_32_BIT_CONVERSION = YES;
				GCC_WARN_ABOUT_RETURN_TYPE = YES_ERROR;
				GCC_WARN_UNDECLARED_SELECTOR = YES;
				GCC_WARN_UNINITIALIZED_AUTOS = YES_AGGRESSIVE;
				GCC_WARN_UNUSED_FUNCTION = YES;
				GCC_WARN_UNUSED_VARIABLE = YES;
				IPHONEOS_DEPLOYMENT_TARGET = 9.3;
				MTL_ENABLE_DEBUG_INFO = NO;
				SDKROOT = iphoneos;
				VALIDATE_PRODUCT = YES;
			};
			name = Release;
		};
		C55278051CA20C40006B950C /* Debug */ = {
			isa = XCBuildConfiguration;
			buildSettings = {
				ASSETCATALOG_COMPILER_APPICON_NAME = AppIcon;
				INFOPLIST_FILE = DDRCounte3r/Info.plist;
				LD_RUNPATH_SEARCH_PATHS = "$(inherited) @executable_path/Frameworks";
				PRODUCT_BUNDLE_IDENTIFIER = com.hiegerdesigns.DDRCounte3r;
				PRODUCT_NAME = "$(TARGET_NAME)";
			};
			name = Debug;
		};
		C55278061CA20C40006B950C /* Release */ = {
			isa = XCBuildConfiguration;
			buildSettings = {
				ASSETCATALOG_COMPILER_APPICON_NAME = AppIcon;
				INFOPLIST_FILE = DDRCounte3r/Info.plist;
				LD_RUNPATH_SEARCH_PATHS = "$(inherited) @executable_path/Frameworks";
				PRODUCT_BUNDLE_IDENTIFIER = com.hiegerdesigns.DDRCounte3r;
				PRODUCT_NAME = "$(TARGET_NAME)";
			};
			name = Release;
		};
/* End XCBuildConfiguration section */

/* Begin XCConfigurationList section */
		C55277ED1CA20C40006B950C /* Build configuration list for PBXProject "DDRCounte3r" */ = {
			isa = XCConfigurationList;
			buildConfigurations = (
				C55278021CA20C40006B950C /* Debug */,
				C55278031CA20C40006B950C /* Release */,
			);
			defaultConfigurationIsVisible = 0;
			defaultConfigurationName = Release;
		};
		C55278041CA20C40006B950C /* Build configuration list for PBXNativeTarget "DDRCounte3r" */ = {
			isa = XCConfigurationList;
			buildConfigurations = (
				C55278051CA20C40006B950C /* Debug */,
				C55278061CA20C40006B950C /* Release */,
			);
			defaultConfigurationIsVisible = 0;
		};
/* End XCConfigurationList section */
	};
	rootObject = C55277EA1CA20C40006B950C /* Project object */;
}
